
Microsoft Visual Studio Solution File, Format Version 12.00
# Visual Studio 15
VisualStudioVersion = 15.0.26730.15
MinimumVisualStudioVersion = 10.0.40219.1
Project("{FAE04EC0-301F-11D3-BF4B-00C04F79EFBC}") = "Jly.CustomerService", "Jly.CustomerService\Jly.CustomerService.csproj", "{C7F2F357-323D-4FE6-A931-A772189ADC04}"
EndProject
Global
	GlobalSection(SolutionConfigurationPlatforms) = preSolution
		Debug|Any CPU = Debug|Any CPU
		Release|Any CPU = Release|Any CPU
	EndGlobalSection
	GlobalSection(ProjectConfigurationPlatforms) = postSolution
		{C7F2F357-323D-4FE6-A931-A772189ADC04}.Debug|Any CPU.ActiveCfg = Debug|Any CPU
		{C7F2F357-323D-4FE6-A931-A772189ADC04}.Debug|Any CPU.Build.0 = Debug|Any CPU
		{C7F2F357-323D-4FE6-A931-A772189ADC04}.Release|Any CPU.ActiveCfg = Release|Any CPU
		{C7F2F357-323D-4FE6-A931-A772189ADC04}.Release|Any CPU.Build.0 = Release|Any CPU
	EndGlobalSection
	GlobalSection(SolutionProperties) = preSolution
		HideSolutionNode = FALSE
	EndGlobalSection
	GlobalSection(ExtensibilityGlobals) = postSolution
		SolutionGuid = {8EEDB065-28F0-4D04-9694-2150CF22B95F}
	EndGlobalSection
EndGlobal
